
Microsoft Visual Studio Solution File, Format Version 12.00
# Visual Studio Version 17
VisualStudioVersion = 17.8.34316.72
MinimumVisualStudioVersion = 10.0.40219.1
Project("{9A19103F-16F7-4668-BE54-9A1E7A4F7556}") = "RevitAddin.DllImport.Example", "RevitAddin.DllImport.Example\RevitAddin.DllImport.Example.csproj", "{DDA3D303-70F8-4AD3-9CBC-655ED3476380}"
EndProject
Project("{9A19103F-16F7-4668-BE54-9A1E7A4F7556}") = "Build", "Build\Build.csproj", "{3B8C82BF-E0B4-411C-AD02-3B3FFBC73C35}"
EndProject
Project("{2150E333-8FDC-42A3-9474-1A3956D46DE8}") = "Solution", "Solution", "{DBD3DA8A-3A0C-4B24-9418-215D8B70E450}"
	ProjectSection(SolutionItems) = preProject
		CHANGELOG.md = CHANGELOG.md
		LICENSE = LICENSE
		README.md = README.md
	EndProjectSection
EndProject
Project("{8BC9CEB8-8B4A-11D0-8D11-00A0C91BC942}") = "CPlusPlus", "CPlusPlus\CPlusPlus.vcxproj", "{9F851DFC-B574-4F31-889D-CBBCE6BDEC4A}"
EndProject
Global
	GlobalSection(SolutionConfigurationPlatforms) = preSolution
		2024|Any CPU = 2024|Any CPU
		2025|Any CPU = 2025|Any CPU
		Debug 2024|Any CPU = Debug 2024|Any CPU
		Debug 2025|Any CPU = Debug 2025|Any CPU
	EndGlobalSection
	GlobalSection(ProjectConfigurationPlatforms) = postSolution
		{DDA3D303-70F8-4AD3-9CBC-655ED3476380}.2024|Any CPU.ActiveCfg = 2024|x64
		{DDA3D303-70F8-4AD3-9CBC-655ED3476380}.2024|Any CPU.Build.0 = 2024|x64
		{DDA3D303-70F8-4AD3-9CBC-655ED3476380}.2025|Any CPU.ActiveCfg = 2025|x64
		{DDA3D303-70F8-4AD3-9CBC-655ED3476380}.2025|Any CPU.Build.0 = 2025|x64
		{DDA3D303-70F8-4AD3-9CBC-655ED3476380}.Debug 2024|Any CPU.ActiveCfg = Debug 2024|Any CPU
		{DDA3D303-70F8-4AD3-9CBC-655ED3476380}.Debug 2024|Any CPU.Build.0 = Debug 2024|Any CPU
		{DDA3D303-70F8-4AD3-9CBC-655ED3476380}.Debug 2025|Any CPU.ActiveCfg = Debug 2025|Any CPU
		{DDA3D303-70F8-4AD3-9CBC-655ED3476380}.Debug 2025|Any CPU.Build.0 = Debug 2025|Any CPU
		{3B8C82BF-E0B4-411C-AD02-3B3FFBC73C35}.2024|Any CPU.ActiveCfg = Debug|Any CPU
		{3B8C82BF-E0B4-411C-AD02-3B3FFBC73C35}.2024|Any CPU.Build.0 = Debug|Any CPU
		{3B8C82BF-E0B4-411C-AD02-3B3FFBC73C35}.2025|Any CPU.ActiveCfg = Debug|Any CPU
		{3B8C82BF-E0B4-411C-AD02-3B3FFBC73C35}.2025|Any CPU.Build.0 = Debug|Any CPU
		{3B8C82BF-E0B4-411C-AD02-3B3FFBC73C35}.Debug 2024|Any CPU.ActiveCfg = Debug|Any CPU
		{3B8C82BF-E0B4-411C-AD02-3B3FFBC73C35}.Debug 2024|Any CPU.Build.0 = Debug|Any CPU
		{3B8C82BF-E0B4-411C-AD02-3B3FFBC73C35}.Debug 2025|Any CPU.ActiveCfg = Debug|Any CPU
		{3B8C82BF-E0B4-411C-AD02-3B3FFBC73C35}.Debug 2025|Any CPU.Build.0 = Debug|Any CPU
		{9F851DFC-B574-4F31-889D-CBBCE6BDEC4A}.2024|Any CPU.ActiveCfg = 2024|x64
		{9F851DFC-B574-4F31-889D-CBBCE6BDEC4A}.2024|Any CPU.Build.0 = 2024|x64
		{9F851DFC-B574-4F31-889D-CBBCE6BDEC4A}.2025|Any CPU.ActiveCfg = 2025|x64
		{9F851DFC-B574-4F31-889D-CBBCE6BDEC4A}.2025|Any CPU.Build.0 = 2025|x64
		{9F851DFC-B574-4F31-889D-CBBCE6BDEC4A}.Debug 2024|Any CPU.ActiveCfg = Debug|Win32
		{9F851DFC-B574-4F31-889D-CBBCE6BDEC4A}.Debug 2024|Any CPU.Build.0 = Debug|Win32
		{9F851DFC-B574-4F31-889D-CBBCE6BDEC4A}.Debug 2025|Any CPU.ActiveCfg = Debug-Core|x64
		{9F851DFC-B574-4F31-889D-CBBCE6BDEC4A}.Debug 2025|Any CPU.Build.0 = Debug-Core|x64
	EndGlobalSection
	GlobalSection(SolutionProperties) = preSolution
		HideSolutionNode = FALSE
	EndGlobalSection
	GlobalSection(ExtensibilityGlobals) = postSolution
		SolutionGuid = {0381E793-AAA7-4C77-9075-23FECB01AE2B}
	EndGlobalSection
EndGlobal
